
Microsoft Visual Studio Solution File, Format Version 12.00
# Visual Studio 15
VisualStudioVersion = 15.0.28307.1972
MinimumVisualStudioVersion = 10.0.40219.1
Project("{FAE04EC0-301F-11D3-BF4B-00C04F79EFBC}") = "HomeWork2", "HomeWork2\HomeWork2.csproj", "{4C8B80EA-BBDE-4742-A6DD-24AB3C6774C7}"
EndProject
Global
	GlobalSection(SolutionConfigurationPlatforms) = preSolution
		Debug|Any CPU = Debug|Any CPU
		Release|Any CPU = Release|Any CPU
	EndGlobalSection
	GlobalSection(ProjectConfigurationPlatforms) = postSolution
		{4C8B80EA-BBDE-4742-A6DD-24AB3C6774C7}.Debug|Any CPU.ActiveCfg = Debug|Any CPU
		{4C8B80EA-BBDE-4742-A6DD-24AB3C6774C7}.Debug|Any CPU.Build.0 = Debug|Any CPU
		{4C8B80EA-BBDE-4742-A6DD-24AB3C6774C7}.Release|Any CPU.ActiveCfg = Release|Any CPU
		{4C8B80EA-BBDE-4742-A6DD-24AB3C6774C7}.Release|Any CPU.Build.0 = Release|Any CPU
	EndGlobalSection
	GlobalSection(SolutionProperties) = preSolution
		HideSolutionNode = FALSE
	EndGlobalSection
	GlobalSection(ExtensibilityGlobals) = postSolution
		SolutionGuid = {E0592AC9-97B0-452B-B347-632CBA38A452}
	EndGlobalSection
EndGlobal
