
Microsoft Visual Studio Solution File, Format Version 12.00
# Visual Studio 15
VisualStudioVersion = 15.0.28307.1972
MinimumVisualStudioVersion = 10.0.40219.1
Project("{FAE04EC0-301F-11D3-BF4B-00C04F79EFBC}") = "Homework 2", "Homework 2\Homework 2.csproj", "{87490C00-908F-4FEB-B68B-A24F4B65F097}"
EndProject
Global
	GlobalSection(SolutionConfigurationPlatforms) = preSolution
		Debug|Any CPU = Debug|Any CPU
		Release|Any CPU = Release|Any CPU
	EndGlobalSection
	GlobalSection(ProjectConfigurationPlatforms) = postSolution
		{87490C00-908F-4FEB-B68B-A24F4B65F097}.Debug|Any CPU.ActiveCfg = Debug|Any CPU
		{87490C00-908F-4FEB-B68B-A24F4B65F097}.Debug|Any CPU.Build.0 = Debug|Any CPU
		{87490C00-908F-4FEB-B68B-A24F4B65F097}.Release|Any CPU.ActiveCfg = Release|Any CPU
		{87490C00-908F-4FEB-B68B-A24F4B65F097}.Release|Any CPU.Build.0 = Release|Any CPU
	EndGlobalSection
	GlobalSection(SolutionProperties) = preSolution
		HideSolutionNode = FALSE
	EndGlobalSection
	GlobalSection(ExtensibilityGlobals) = postSolution
		SolutionGuid = {00A6CBD0-1E5A-4A71-BD52-1CC8E6639978}
	EndGlobalSection
EndGlobal
